// !$*UTF8*$!
{
	archiveVersion = 1;
	classes = {
	};
	objectVersion = 55;
	objects = {

/* Begin PBXBuildFile section */
		3037A4F9280D618C00ACD27C /* main.swift in Sources */ = {isa = PBXBuildFile; fileRef = 3037A4F8280D618C00ACD27C /* main.swift */; };
		3037A50C280D776200ACD27C /* TermCmd.swift in Sources */ = {isa = PBXBuildFile; fileRef = 3037A50B280D776200ACD27C /* TermCmd.swift */; };
		3069C08B280DB4D3003F597B /* Combine.swift in Sources */ = {isa = PBXBuildFile; fileRef = 3069C089280DB4D3003F597B /* Combine.swift */; };
		3069C08C280DB4D3003F597B /* SingleProcessing.swift in Sources */ = {isa = PBXBuildFile; fileRef = 3069C08A280DB4D3003F597B /* SingleProcessing.swift */; };
		3069C091280DB4E5003F597B /* Delegate.swift in Sources */ = {isa = PBXBuildFile; fileRef = 3069C08E280DB4E5003F597B /* Delegate.swift */; };
		3069C092280DB4E5003F597B /* Trm.swift in Sources */ = {isa = PBXBuildFile; fileRef = 3069C08F280DB4E5003F597B /* Trm.swift */; };
		3069C093280DB4E5003F597B /* Salt.swift in Sources */ = {isa = PBXBuildFile; fileRef = 3069C090280DB4E5003F597B /* Salt.swift */; };
/* End PBXBuildFile section */

/* Begin PBXCopyFilesBuildPhase section */
		3037A4F3280D618C00ACD27C /* CopyFiles */ = {
			isa = PBXCopyFilesBuildPhase;
			buildActionMask = 2147483647;
			dstPath = /usr/share/man/man1/;
			dstSubfolderSpec = 0;
			files = (
			);
			runOnlyForDeploymentPostprocessing = 1;
		};
/* End PBXCopyFilesBuildPhase section */

/* Begin PBXFileReference section */
		3037A4F5280D618C00ACD27C /* TerminalWrapper6 */ = {isa = PBXFileReference; explicitFileType = "compiled.mach-o.executable"; includeInIndex = 0; path = TerminalWrapper6; sourceTree = BUILT_PRODUCTS_DIR; };
		3037A4F8280D618C00ACD27C /* main.swift */ = {isa = PBXFileReference; lastKnownFileType = sourcecode.swift; path = main.swift; sourceTree = "<group>"; };
		3037A50B280D776200ACD27C /* TermCmd.swift */ = {isa = PBXFileReference; lastKnownFileType = sourcecode.swift; path = TermCmd.swift; sourceTree = "<group>"; };
		3069C089280DB4D3003F597B /* Combine.swift */ = {isa = PBXFileReference; fileEncoding = 4; lastKnownFileType = sourcecode.swift; path = Combine.swift; sourceTree = "<group>"; };
		3069C08A280DB4D3003F597B /* SingleProcessing.swift */ = {isa = PBXFileReference; fileEncoding = 4; lastKnownFileType = sourcecode.swift; path = SingleProcessing.swift; sourceTree = "<group>"; };
		3069C08E280DB4E5003F597B /* Delegate.swift */ = {isa = PBXFileReference; fileEncoding = 4; lastKnownFileType = sourcecode.swift; path = Delegate.swift; sourceTree = "<group>"; };
		3069C08F280DB4E5003F597B /* Trm.swift */ = {isa = PBXFileReference; fileEncoding = 4; lastKnownFileType = sourcecode.swift; path = Trm.swift; sourceTree = "<group>"; };
		3069C090280DB4E5003F597B /* Salt.swift */ = {isa = PBXFileReference; fileEncoding = 4; lastKnownFileType = sourcecode.swift; path = Salt.swift; sourceTree = "<group>"; };
/* End PBXFileReference section */

/* Begin PBXFrameworksBuildPhase section */
		3037A4F2280D618C00ACD27C /* Frameworks */ = {
			isa = PBXFrameworksBuildPhase;
			buildActionMask = 2147483647;
			files = (
			);
			runOnlyForDeploymentPostprocessing = 0;
		};
/* End PBXFrameworksBuildPhase section */

/* Begin PBXGroup section */
		3037A4EC280D618C00ACD27C = {
			isa = PBXGroup;
			children = (
				3037A4F7280D618C00ACD27C /* TerminalWrapper6 */,
				3037A4F6280D618C00ACD27C /* Products */,
			);
			sourceTree = "<group>";
		};
		3037A4F6280D618C00ACD27C /* Products */ = {
			isa = PBXGroup;
			children = (
				3037A4F5280D618C00ACD27C /* TerminalWrapper6 */,
			);
			name = Products;
			sourceTree = "<group>";
		};
		3037A4F7280D618C00ACD27C /* TerminalWrapper6 */ = {
			isa = PBXGroup;
			children = (
				3069C08D280DB4E5003F597B /* Keys */,
				3069C088280DB4D3003F597B /* Terminal */,
				3037A50A280D717600ACD27C /* main */,
			);
			path = TerminalWrapper6;
			sourceTree = "<group>";
		};
		3037A50A280D717600ACD27C /* main */ = {
			isa = PBXGroup;
			children = (
				3037A4F8280D618C00ACD27C /* main.swift */,
				3037A50B280D776200ACD27C /* TermCmd.swift */,
			);
			path = main;
			sourceTree = "<group>";
		};
		3069C088280DB4D3003F597B /* Terminal */ = {
			isa = PBXGroup;
			children = (
				3069C089280DB4D3003F597B /* Combine.swift */,
				3069C08A280DB4D3003F597B /* SingleProcessing.swift */,
			);
			path = Terminal;
			sourceTree = "<group>";
		};
		3069C08D280DB4E5003F597B /* Keys */ = {
			isa = PBXGroup;
			children = (
				3069C08E280DB4E5003F597B /* Delegate.swift */,
				3069C08F280DB4E5003F597B /* Trm.swift */,
				3069C090280DB4E5003F597B /* Salt.swift */,
			);
			path = Keys;
			sourceTree = "<group>";
		};
/* End PBXGroup section */

/* Begin PBXNativeTarget section */
		3037A4F4280D618C00ACD27C /* TerminalWrapper6 */ = {
			isa = PBXNativeTarget;
			buildConfigurationList = 3037A4FC280D618C00ACD27C /* Build configuration list for PBXNativeTarget "TerminalWrapper6" */;
			buildPhases = (
				3037A4F1280D618C00ACD27C /* Sources */,
				3037A4F2280D618C00ACD27C /* Frameworks */,
				3037A4F3280D618C00ACD27C /* CopyFiles */,
			);
			buildRules = (
			);
			dependencies = (
			);
			name = TerminalWrapper6;
			productName = TerminalWrapper6;
			productReference = 3037A4F5280D618C00ACD27C /* TerminalWrapper6 */;
			productType = "com.apple.product-type.tool";
		};
/* End PBXNativeTarget section */

/* Begin PBXProject section */
		3037A4ED280D618C00ACD27C /* Project object */ = {
			isa = PBXProject;
			attributes = {
				BuildIndependentTargetsInParallel = 1;
				LastSwiftUpdateCheck = 1320;
				LastUpgradeCheck = 1320;
				TargetAttributes = {
					3037A4F4280D618C00ACD27C = {
						CreatedOnToolsVersion = 13.2.1;
					};
				};
			};
			buildConfigurationList = 3037A4F0280D618C00ACD27C /* Build configuration list for PBXProject "TerminalWrapper6" */;
			compatibilityVersion = "Xcode 13.0";
			developmentRegion = en;
			hasScannedForEncodings = 0;
			knownRegions = (
				en,
				Base,
			);
			mainGroup = 3037A4EC280D618C00ACD27C;
			productRefGroup = 3037A4F6280D618C00ACD27C /* Products */;
			projectDirPath = "";
			projectRoot = "";
			targets = (
				3037A4F4280D618C00ACD27C /* TerminalWrapper6 */,
			);
		};
/* End PBXProject section */

/* Begin PBXSourcesBuildPhase section */
		3037A4F1280D618C00ACD27C /* Sources */ = {
			isa = PBXSourcesBuildPhase;
			buildActionMask = 2147483647;
			files = (
				3069C091280DB4E5003F597B /* Delegate.swift in Sources */,
				3069C093280DB4E5003F597B /* Salt.swift in Sources */,
				3069C092280DB4E5003F597B /* Trm.swift in Sources */,
				3037A4F9280D618C00ACD27C /* main.swift in Sources */,
				3037A50C280D776200ACD27C /* TermCmd.swift in Sources */,
				3069C08B280DB4D3003F597B /* Combine.swift in Sources */,
				3069C08C280DB4D3003F597B /* SingleProcessing.swift in Sources */,
			);
			runOnlyForDeploymentPostprocessing = 0;
		};
/* End PBXSourcesBuildPhase section */

/* Begin XCBuildConfiguration section */
		3037A4FA280D618C00ACD27C /* Debug */ = {
			isa = XCBuildConfiguration;
			buildSettings = {
				ALWAYS_SEARCH_USER_PATHS = NO;
				CLANG_ANALYZER_NONNULL = YES;
				CLANG_ANALYZER_NUMBER_OBJECT_CONVERSION = YES_AGGRESSIVE;
				CLANG_CXX_LANGUAGE_STANDARD = "gnu++17";
				CLANG_CXX_LIBRARY = "libc++";
				CLANG_ENABLE_MODULES = YES;
				CLANG_ENABLE_OBJC_ARC = YES;
				CLANG_ENABLE_OBJC_WEAK = YES;
				CLANG_WARN_BLOCK_CAPTURE_AUTORELEASING = YES;
				CLANG_WARN_BOOL_CONVERSION = YES;
				CLANG_WARN_COMMA = YES;
				CLANG_WARN_CONSTANT_CONVERSION = YES;
				CLANG_WARN_DEPRECATED_OBJC_IMPLEMENTATIONS = YES;
				CLANG_WARN_DIRECT_OBJC_ISA_USAGE = YES_ERROR;
				CLANG_WARN_DOCUMENTATION_COMMENTS = YES;
				CLANG_WARN_EMPTY_BODY = YES;
				CLANG_WARN_ENUM_CONVERSION = YES;
				CLANG_WARN_INFINITE_RECURSION = YES;
				CLANG_WARN_INT_CONVERSION = YES;
				CLANG_WARN_NON_LITERAL_NULL_CONVERSION = YES;
				CLANG_WARN_OBJC_IMPLICIT_RETAIN_SELF = YES;
				CLANG_WARN_OBJC_LITERAL_CONVERSION = YES;
				CLANG_WARN_OBJC_ROOT_CLASS = YES_ERROR;
				CLANG_WARN_QUOTED_INCLUDE_IN_FRAMEWORK_HEADER = YES;
				CLANG_WARN_RANGE_LOOP_ANALYSIS = YES;
				CLANG_WARN_STRICT_PROTOTYPES = YES;
				CLANG_WARN_SUSPICIOUS_MOVE = YES;
				CLANG_WARN_UNGUARDED_AVAILABILITY = YES_AGGRESSIVE;
				CLANG_WARN_UNREACHABLE_CODE = YES;
				CLANG_WARN__DUPLICATE_METHOD_MATCH = YES;
				COPY_PHASE_STRIP = NO;
				DEBUG_INFORMATION_FORMAT = dwarf;
				ENABLE_STRICT_OBJC_MSGSEND = YES;
				ENABLE_TESTABILITY = YES;
				GCC_C_LANGUAGE_STANDARD = gnu11;
				GCC_DYNAMIC_NO_PIC = NO;
				GCC_NO_COMMON_BLOCKS = YES;
				GCC_OPTIMIZATION_LEVEL = 0;
				GCC_PREPROCESSOR_DEFINITIONS = (
					"DEBUG=1",
					"$(inherited)",
				);
				GCC_WARN_64_TO_32_BIT_CONVERSION = YES;
				GCC_WARN_ABOUT_RETURN_TYPE = YES_ERROR;
				GCC_WARN_UNDECLARED_SELECTOR = YES;
				GCC_WARN_UNINITIALIZED_AUTOS = YES_AGGRESSIVE;
				GCC_WARN_UNUSED_FUNCTION = YES;
				GCC_WARN_UNUSED_VARIABLE = YES;
				MACOSX_DEPLOYMENT_TARGET = 11.6;
				MTL_ENABLE_DEBUG_INFO = INCLUDE_SOURCE;
				MTL_FAST_MATH = YES;
				ONLY_ACTIVE_ARCH = YES;
				SDKROOT = macosx;
				SWIFT_ACTIVE_COMPILATION_CONDITIONS = DEBUG;
				SWIFT_OPTIMIZATION_LEVEL = "-Onone";
			};
			name = Debug;
		};
		3037A4FB280D618C00ACD27C /* Release */ = {
			isa = XCBuildConfiguration;
			buildSettings = {
				ALWAYS_SEARCH_USER_PATHS = NO;
				CLANG_ANALYZER_NONNULL = YES;
				CLANG_ANALYZER_NUMBER_OBJECT_CONVERSION = YES_AGGRESSIVE;
				CLANG_CXX_LANGUAGE_STANDARD = "gnu++17";
				CLANG_CXX_LIBRARY = "libc++";
				CLANG_ENABLE_MODULES = YES;
				CLANG_ENABLE_OBJC_ARC = YES;
				CLANG_ENABLE_OBJC_WEAK = YES;
				CLANG_WARN_BLOCK_CAPTURE_AUTORELEASING = YES;
				CLANG_WARN_BOOL_CONVERSION = YES;
				CLANG_WARN_COMMA = YES;
				CLANG_WARN_CONSTANT_CONVERSION = YES;
				CLANG_WARN_DEPRECATED_OBJC_IMPLEMENTATIONS = YES;
				CLANG_WARN_DIRECT_OBJC_ISA_USAGE = YES_ERROR;
				CLANG_WARN_DOCUMENTATION_COMMENTS = YES;
				CLANG_WARN_EMPTY_BODY = YES;
				CLANG_WARN_ENUM_CONVERSION = YES;
				CLANG_WARN_INFINITE_RECURSION = YES;
				CLANG_WARN_INT_CONVERSION = YES;
				CLANG_WARN_NON_LITERAL_NULL_CONVERSION = YES;
				CLANG_WARN_OBJC_IMPLICIT_RETAIN_SELF = YES;
				CLANG_WARN_OBJC_LITERAL_CONVERSION = YES;
				CLANG_WARN_OBJC_ROOT_CLASS = YES_ERROR;
				CLANG_WARN_QUOTED_INCLUDE_IN_FRAMEWORK_HEADER = YES;
				CLANG_WARN_RANGE_LOOP_ANALYSIS = YES;
				CLANG_WARN_STRICT_PROTOTYPES = YES;
				CLANG_WARN_SUSPICIOUS_MOVE = YES;
				CLANG_WARN_UNGUARDED_AVAILABILITY = YES_AGGRESSIVE;
				CLANG_WARN_UNREACHABLE_CODE = YES;
				CLANG_WARN__DUPLICATE_METHOD_MATCH = YES;
				COPY_PHASE_STRIP = NO;
				DEBUG_INFORMATION_FORMAT = "dwarf-with-dsym";
				ENABLE_NS_ASSERTIONS = NO;
				ENABLE_STRICT_OBJC_MSGSEND = YES;
				GCC_C_LANGUAGE_STANDARD = gnu11;
				GCC_NO_COMMON_BLOCKS = YES;
				GCC_WARN_64_TO_32_BIT_CONVERSION = YES;
				GCC_WARN_ABOUT_RETURN_TYPE = YES_ERROR;
				GCC_WARN_UNDECLARED_SELECTOR = YES;
				GCC_WARN_UNINITIALIZED_AUTOS = YES_AGGRESSIVE;
				GCC_WARN_UNUSED_FUNCTION = YES;
				GCC_WARN_UNUSED_VARIABLE = YES;
				MACOSX_DEPLOYMENT_TARGET = 11.6;
				MTL_ENABLE_DEBUG_INFO = NO;
				MTL_FAST_MATH = YES;
				SDKROOT = macosx;
				SWIFT_COMPILATION_MODE = wholemodule;
				SWIFT_OPTIMIZATION_LEVEL = "-O";
			};
			name = Release;
		};
		3037A4FD280D618C00ACD27C /* Debug */ = {
			isa = XCBuildConfiguration;
			buildSettings = {
				CODE_SIGN_STYLE = Automatic;
				DEVELOPMENT_TEAM = NYX6FQH9DL;
				ENABLE_HARDENED_RUNTIME = YES;
				PRODUCT_NAME = "$(TARGET_NAME)";
				SWIFT_VERSION = 5.0;
			};
			name = Debug;
		};
		3037A4FE280D618C00ACD27C /* Release */ = {
			isa = XCBuildConfiguration;
			buildSettings = {
				CODE_SIGN_STYLE = Automatic;
				DEVELOPMENT_TEAM = NYX6FQH9DL;
				ENABLE_HARDENED_RUNTIME = YES;
				PRODUCT_NAME = "$(TARGET_NAME)";
				SWIFT_VERSION = 5.0;
			};
			name = Release;
		};
/* End XCBuildConfiguration section */

/* Begin XCConfigurationList section */
		3037A4F0280D618C00ACD27C /* Build configuration list for PBXProject "TerminalWrapper6" */ = {
			isa = XCConfigurationList;
			buildConfigurations = (
				3037A4FA280D618C00ACD27C /* Debug */,
				3037A4FB280D618C00ACD27C /* Release */,
			);
			defaultConfigurationIsVisible = 0;
			defaultConfigurationName = Release;
		};
		3037A4FC280D618C00ACD27C /* Build configuration list for PBXNativeTarget "TerminalWrapper6" */ = {
			isa = XCConfigurationList;
			buildConfigurations = (
				3037A4FD280D618C00ACD27C /* Debug */,
				3037A4FE280D618C00ACD27C /* Release */,
			);
			defaultConfigurationIsVisible = 0;
			defaultConfigurationName = Release;
		};
/* End XCConfigurationList section */
	};
	rootObject = 3037A4ED280D618C00ACD27C /* Project object */;
}
